// !$*UTF8*$!
{
	archiveVersion = 1;
	classes = {
	};
	objectVersion = 56;
	objects = {

/* Begin PBXBuildFile section */
		B005B2C22C05FB920095E7DD /* MagazineInfo.swift in Sources */ = {isa = PBXBuildFile; fileRef = B005B2C12C05FB920095E7DD /* MagazineInfo.swift */; };
		B01C97792C021E6D003C2368 /* AppDelegate.swift in Sources */ = {isa = PBXBuildFile; fileRef = B01C97782C021E6D003C2368 /* AppDelegate.swift */; };
		B01C977B2C021E6D003C2368 /* SceneDelegate.swift in Sources */ = {isa = PBXBuildFile; fileRef = B01C977A2C021E6D003C2368 /* SceneDelegate.swift */; };
		B01C977D2C021E6D003C2368 /* ViewController.swift in Sources */ = {isa = PBXBuildFile; fileRef = B01C977C2C021E6D003C2368 /* ViewController.swift */; };
		B01C97802C021E6D003C2368 /* Base in Resources */ = {isa = PBXBuildFile; fileRef = B01C977F2C021E6D003C2368 /* Base */; };
		B01C97822C021E6E003C2368 /* Assets.xcassets in Resources */ = {isa = PBXBuildFile; fileRef = B01C97812C021E6E003C2368 /* Assets.xcassets */; };
		B01C97852C021E6E003C2368 /* Base in Resources */ = {isa = PBXBuildFile; fileRef = B01C97842C021E6E003C2368 /* Base */; };
		B01C978D2C021FC4003C2368 /* ShopingListTableViewCell.swift in Sources */ = {isa = PBXBuildFile; fileRef = B01C978C2C021FC4003C2368 /* ShopingListTableViewCell.swift */; };
		B01C978F2C021FD9003C2368 /* ShopingListTableViewController.swift in Sources */ = {isa = PBXBuildFile; fileRef = B01C978E2C021FD9003C2368 /* ShopingListTableViewController.swift */; };
		B0396AE82C06E9E7007DDABB /* CityDetailViewController.swift in Sources */ = {isa = PBXBuildFile; fileRef = B0396AE72C06E9E7007DDABB /* CityDetailViewController.swift */; };
		B0396AEA2C06EA5B007DDABB /* AdDetailViewController.swift in Sources */ = {isa = PBXBuildFile; fileRef = B0396AE92C06EA5B007DDABB /* AdDetailViewController.swift */; };
		B08B04C92C02468A00467831 /* TravelTableViewController.swift in Sources */ = {isa = PBXBuildFile; fileRef = B08B04C82C02468A00467831 /* TravelTableViewController.swift */; };
		B08B04CB2C02469A00467831 /* TravelTableViewCell.swift in Sources */ = {isa = PBXBuildFile; fileRef = B08B04CA2C02469A00467831 /* TravelTableViewCell.swift */; };
		B08B04CE2C024BE800467831 /* Kingfisher in Frameworks */ = {isa = PBXBuildFile; productRef = B08B04CD2C024BE800467831 /* Kingfisher */; };
		B0B85E522C02F8ED00889951 /* RestaurantTableViewCell.swift in Sources */ = {isa = PBXBuildFile; fileRef = B0B85E512C02F8ED00889951 /* RestaurantTableViewCell.swift */; };
		B0B85E542C02F8FB00889951 /* RestaurantTableViewController.swift in Sources */ = {isa = PBXBuildFile; fileRef = B0B85E532C02F8FB00889951 /* RestaurantTableViewController.swift */; };
		B0EDFEB62C046F1100EBBB79 /* CityViewController.swift in Sources */ = {isa = PBXBuildFile; fileRef = B0EDFEB52C046F1100EBBB79 /* CityViewController.swift */; };
		B0EDFEB92C04756000EBBB79 /* CityTableViewCell.xib in Resources */ = {isa = PBXBuildFile; fileRef = B0EDFEB82C04756000EBBB79 /* CityTableViewCell.xib */; };
		B0EDFEBA2C04756000EBBB79 /* CityTableViewCell.swift in Sources */ = {isa = PBXBuildFile; fileRef = B0EDFEB72C04756000EBBB79 /* CityTableViewCell.swift */; };
		B0EDFEBC2C04766D00EBBB79 /* TravelModel.swift in Sources */ = {isa = PBXBuildFile; fileRef = B0EDFEBB2C04766D00EBBB79 /* TravelModel.swift */; };
		B0EDFEBF2C0485D200EBBB79 /* ADTableViewCell.xib in Resources */ = {isa = PBXBuildFile; fileRef = B0EDFEBE2C0485D200EBBB79 /* ADTableViewCell.xib */; };
		B0EDFEC02C0485D200EBBB79 /* ADTableViewCell.swift in Sources */ = {isa = PBXBuildFile; fileRef = B0EDFEBD2C0485D200EBBB79 /* ADTableViewCell.swift */; };
		B0EDFEC22C049FFC00EBBB79 /* UIColor+Extension.swift in Sources */ = {isa = PBXBuildFile; fileRef = B0EDFEC12C049FFC00EBBB79 /* UIColor+Extension.swift */; };
		B0EDFEC42C04B94300EBBB79 /* UILabel+Extension.swift in Sources */ = {isa = PBXBuildFile; fileRef = B0EDFEC32C04B94300EBBB79 /* UILabel+Extension.swift */; };
/* End PBXBuildFile section */

/* Begin PBXFileReference section */
		B005B2C12C05FB920095E7DD /* MagazineInfo.swift */ = {isa = PBXFileReference; fileEncoding = 4; lastKnownFileType = sourcecode.swift; path = MagazineInfo.swift; sourceTree = "<group>"; };
		B01C97752C021E6D003C2368 /* 0524.app */ = {isa = PBXFileReference; explicitFileType = wrapper.application; includeInIndex = 0; path = 0524.app; sourceTree = BUILT_PRODUCTS_DIR; };
		B01C97782C021E6D003C2368 /* AppDelegate.swift */ = {isa = PBXFileReference; lastKnownFileType = sourcecode.swift; path = AppDelegate.swift; sourceTree = "<group>"; };
		B01C977A2C021E6D003C2368 /* SceneDelegate.swift */ = {isa = PBXFileReference; lastKnownFileType = sourcecode.swift; path = SceneDelegate.swift; sourceTree = "<group>"; };
		B01C977C2C021E6D003C2368 /* ViewController.swift */ = {isa = PBXFileReference; lastKnownFileType = sourcecode.swift; path = ViewController.swift; sourceTree = "<group>"; };
		B01C977F2C021E6D003C2368 /* Base */ = {isa = PBXFileReference; lastKnownFileType = file.storyboard; name = Base; path = Base.lproj/Main.storyboard; sourceTree = "<group>"; };
		B01C97812C021E6E003C2368 /* Assets.xcassets */ = {isa = PBXFileReference; lastKnownFileType = folder.assetcatalog; path = Assets.xcassets; sourceTree = "<group>"; };
		B01C97842C021E6E003C2368 /* Base */ = {isa = PBXFileReference; lastKnownFileType = file.storyboard; name = Base; path = Base.lproj/LaunchScreen.storyboard; sourceTree = "<group>"; };
		B01C97862C021E6E003C2368 /* Info.plist */ = {isa = PBXFileReference; lastKnownFileType = text.plist.xml; path = Info.plist; sourceTree = "<group>"; };
		B01C978C2C021FC4003C2368 /* ShopingListTableViewCell.swift */ = {isa = PBXFileReference; lastKnownFileType = sourcecode.swift; path = ShopingListTableViewCell.swift; sourceTree = "<group>"; };
		B01C978E2C021FD9003C2368 /* ShopingListTableViewController.swift */ = {isa = PBXFileReference; lastKnownFileType = sourcecode.swift; path = ShopingListTableViewController.swift; sourceTree = "<group>"; };
		B0396AE72C06E9E7007DDABB /* CityDetailViewController.swift */ = {isa = PBXFileReference; lastKnownFileType = sourcecode.swift; path = CityDetailViewController.swift; sourceTree = "<group>"; };
		B0396AE92C06EA5B007DDABB /* AdDetailViewController.swift */ = {isa = PBXFileReference; lastKnownFileType = sourcecode.swift; path = AdDetailViewController.swift; sourceTree = "<group>"; };
		B08B04C82C02468A00467831 /* TravelTableViewController.swift */ = {isa = PBXFileReference; lastKnownFileType = sourcecode.swift; path = TravelTableViewController.swift; sourceTree = "<group>"; };
		B08B04CA2C02469A00467831 /* TravelTableViewCell.swift */ = {isa = PBXFileReference; lastKnownFileType = sourcecode.swift; path = TravelTableViewCell.swift; sourceTree = "<group>"; };
		B0B85E512C02F8ED00889951 /* RestaurantTableViewCell.swift */ = {isa = PBXFileReference; lastKnownFileType = sourcecode.swift; path = RestaurantTableViewCell.swift; sourceTree = "<group>"; };
		B0B85E532C02F8FB00889951 /* RestaurantTableViewController.swift */ = {isa = PBXFileReference; lastKnownFileType = sourcecode.swift; path = RestaurantTableViewController.swift; sourceTree = "<group>"; };
		B0EDFEB52C046F1100EBBB79 /* CityViewController.swift */ = {isa = PBXFileReference; lastKnownFileType = sourcecode.swift; path = CityViewController.swift; sourceTree = "<group>"; };
		B0EDFEB72C04756000EBBB79 /* CityTableViewCell.swift */ = {isa = PBXFileReference; lastKnownFileType = sourcecode.swift; path = CityTableViewCell.swift; sourceTree = "<group>"; };
		B0EDFEB82C04756000EBBB79 /* CityTableViewCell.xib */ = {isa = PBXFileReference; lastKnownFileType = file.xib; path = CityTableViewCell.xib; sourceTree = "<group>"; };
		B0EDFEBB2C04766D00EBBB79 /* TravelModel.swift */ = {isa = PBXFileReference; fileEncoding = 4; lastKnownFileType = sourcecode.swift; path = TravelModel.swift; sourceTree = "<group>"; };
		B0EDFEBD2C0485D200EBBB79 /* ADTableViewCell.swift */ = {isa = PBXFileReference; lastKnownFileType = sourcecode.swift; path = ADTableViewCell.swift; sourceTree = "<group>"; };
		B0EDFEBE2C0485D200EBBB79 /* ADTableViewCell.xib */ = {isa = PBXFileReference; lastKnownFileType = file.xib; path = ADTableViewCell.xib; sourceTree = "<group>"; };
		B0EDFEC12C049FFC00EBBB79 /* UIColor+Extension.swift */ = {isa = PBXFileReference; lastKnownFileType = sourcecode.swift; path = "UIColor+Extension.swift"; sourceTree = "<group>"; };
		B0EDFEC32C04B94300EBBB79 /* UILabel+Extension.swift */ = {isa = PBXFileReference; lastKnownFileType = sourcecode.swift; path = "UILabel+Extension.swift"; sourceTree = "<group>"; };
/* End PBXFileReference section */

/* Begin PBXFrameworksBuildPhase section */
		B01C97722C021E6D003C2368 /* Frameworks */ = {
			isa = PBXFrameworksBuildPhase;
			buildActionMask = 2147483647;
			files = (
				B08B04CE2C024BE800467831 /* Kingfisher in Frameworks */,
			);
			runOnlyForDeploymentPostprocessing = 0;
		};
/* End PBXFrameworksBuildPhase section */

/* Begin PBXGroup section */
		B005B2C52C0600B00095E7DD /* Extension */ = {
			isa = PBXGroup;
			children = (
				B0EDFEC32C04B94300EBBB79 /* UILabel+Extension.swift */,
				B0EDFEC12C049FFC00EBBB79 /* UIColor+Extension.swift */,
			);
			path = Extension;
			sourceTree = "<group>";
		};
		B01C976C2C021E6D003C2368 = {
			isa = PBXGroup;
			children = (
				B01C97772C021E6D003C2368 /* 0524 */,
				B01C97762C021E6D003C2368 /* Products */,
			);
			sourceTree = "<group>";
		};
		B01C97762C021E6D003C2368 /* Products */ = {
			isa = PBXGroup;
			children = (
				B01C97752C021E6D003C2368 /* 0524.app */,
			);
			name = Products;
			sourceTree = "<group>";
		};
		B01C97772C021E6D003C2368 /* 0524 */ = {
			isa = PBXGroup;
			children = (
				B01C97782C021E6D003C2368 /* AppDelegate.swift */,
				B01C977A2C021E6D003C2368 /* SceneDelegate.swift */,
				B01C977C2C021E6D003C2368 /* ViewController.swift */,
				B01C977E2C021E6D003C2368 /* Main.storyboard */,
				B0EDFEB12C046BC800EBBB79 /* 쇼핑리스트 */,
				B0EDFEB32C046C3400EBBB79 /* 식당조회 */,
				B0EDFEB22C046BD500EBBB79 /* 여행프로젝트 */,
				B0EDFEB42C046EE100EBBB79 /* 인기 도시 */,
				B005B2C52C0600B00095E7DD /* Extension */,
				B01C97832C021E6E003C2368 /* LaunchScreen.storyboard */,
				B01C97812C021E6E003C2368 /* Assets.xcassets */,
				B01C97862C021E6E003C2368 /* Info.plist */,
			);
			path = 0524;
			sourceTree = "<group>";
		};
		B0EDFEB12C046BC800EBBB79 /* 쇼핑리스트 */ = {
			isa = PBXGroup;
			children = (
				B01C978E2C021FD9003C2368 /* ShopingListTableViewController.swift */,
				B01C978C2C021FC4003C2368 /* ShopingListTableViewCell.swift */,
			);
			name = "쇼핑리스트";
			path = "쇼핑리스트";
			sourceTree = "<group>";
		};
		B0EDFEB22C046BD500EBBB79 /* 여행프로젝트 */ = {
			isa = PBXGroup;
			children = (
				B005B2C12C05FB920095E7DD /* MagazineInfo.swift */,
				B08B04CA2C02469A00467831 /* TravelTableViewCell.swift */,
				B08B04C82C02468A00467831 /* TravelTableViewController.swift */,
			);
			name = "여행프로젝트";
			path = "여행 미니 프로젝트";
			sourceTree = "<group>";
		};
		B0EDFEB32C046C3400EBBB79 /* 식당조회 */ = {
			isa = PBXGroup;
			children = (
				B0B85E532C02F8FB00889951 /* RestaurantTableViewController.swift */,
				B0B85E512C02F8ED00889951 /* RestaurantTableViewCell.swift */,
			);
			name = "식당조회";
			path = "레스토랑";
			sourceTree = "<group>";
		};
		B0EDFEB42C046EE100EBBB79 /* 인기 도시 */ = {
			isa = PBXGroup;
			children = (
				B0EDFEBB2C04766D00EBBB79 /* TravelModel.swift */,
				B0EDFEB52C046F1100EBBB79 /* CityViewController.swift */,
				B0EDFEB72C04756000EBBB79 /* CityTableViewCell.swift */,
				B0EDFEB82C04756000EBBB79 /* CityTableViewCell.xib */,
				B0EDFEBD2C0485D200EBBB79 /* ADTableViewCell.swift */,
				B0EDFEBE2C0485D200EBBB79 /* ADTableViewCell.xib */,
				B0396AE72C06E9E7007DDABB /* CityDetailViewController.swift */,
				B0396AE92C06EA5B007DDABB /* AdDetailViewController.swift */,
			);
			name = "인기 도시";
			path = "인기 도시";
			sourceTree = "<group>";
		};
/* End PBXGroup section */

/* Begin PBXNativeTarget section */
		B01C97742C021E6D003C2368 /* 0524 */ = {
			isa = PBXNativeTarget;
			buildConfigurationList = B01C97892C021E6E003C2368 /* Build configuration list for PBXNativeTarget "0524" */;
			buildPhases = (
				B01C97712C021E6D003C2368 /* Sources */,
				B01C97722C021E6D003C2368 /* Frameworks */,
				B01C97732C021E6D003C2368 /* Resources */,
			);
			buildRules = (
			);
			dependencies = (
			);
			name = 0524;
			packageProductDependencies = (
				B08B04CD2C024BE800467831 /* Kingfisher */,
			);
			productName = 0524;
			productReference = B01C97752C021E6D003C2368 /* 0524.app */;
			productType = "com.apple.product-type.application";
		};
/* End PBXNativeTarget section */

/* Begin PBXProject section */
		B01C976D2C021E6D003C2368 /* Project object */ = {
			isa = PBXProject;
			attributes = {
				BuildIndependentTargetsInParallel = 1;
				LastSwiftUpdateCheck = 1540;
				LastUpgradeCheck = 1540;
				TargetAttributes = {
					B01C97742C021E6D003C2368 = {
						CreatedOnToolsVersion = 15.4;
					};
				};
			};
			buildConfigurationList = B01C97702C021E6D003C2368 /* Build configuration list for PBXProject "0524" */;
			compatibilityVersion = "Xcode 14.0";
			developmentRegion = en;
			hasScannedForEncodings = 0;
			knownRegions = (
				en,
				Base,
			);
			mainGroup = B01C976C2C021E6D003C2368;
			packageReferences = (
				B08B04CC2C024BE800467831 /* XCRemoteSwiftPackageReference "Kingfisher" */,
			);
			productRefGroup = B01C97762C021E6D003C2368 /* Products */;
			projectDirPath = "";
			projectRoot = "";
			targets = (
				B01C97742C021E6D003C2368 /* 0524 */,
			);
		};
/* End PBXProject section */

/* Begin PBXResourcesBuildPhase section */
		B01C97732C021E6D003C2368 /* Resources */ = {
			isa = PBXResourcesBuildPhase;
			buildActionMask = 2147483647;
			files = (
				B01C97822C021E6E003C2368 /* Assets.xcassets in Resources */,
				B01C97852C021E6E003C2368 /* Base in Resources */,
				B0EDFEB92C04756000EBBB79 /* CityTableViewCell.xib in Resources */,
				B01C97802C021E6D003C2368 /* Base in Resources */,
				B0EDFEBF2C0485D200EBBB79 /* ADTableViewCell.xib in Resources */,
			);
			runOnlyForDeploymentPostprocessing = 0;
		};
/* End PBXResourcesBuildPhase section */

/* Begin PBXSourcesBuildPhase section */
		B01C97712C021E6D003C2368 /* Sources */ = {
			isa = PBXSourcesBuildPhase;
			buildActionMask = 2147483647;
			files = (
				B01C978F2C021FD9003C2368 /* ShopingListTableViewController.swift in Sources */,
				B0EDFEB62C046F1100EBBB79 /* CityViewController.swift in Sources */,
				B0EDFEC42C04B94300EBBB79 /* UILabel+Extension.swift in Sources */,
				B0396AEA2C06EA5B007DDABB /* AdDetailViewController.swift in Sources */,
				B08B04C92C02468A00467831 /* TravelTableViewController.swift in Sources */,
				B0EDFEC02C0485D200EBBB79 /* ADTableViewCell.swift in Sources */,
				B005B2C22C05FB920095E7DD /* MagazineInfo.swift in Sources */,
				B0EDFEBC2C04766D00EBBB79 /* TravelModel.swift in Sources */,
				B0B85E542C02F8FB00889951 /* RestaurantTableViewController.swift in Sources */,
				B08B04CB2C02469A00467831 /* TravelTableViewCell.swift in Sources */,
				B0EDFEC22C049FFC00EBBB79 /* UIColor+Extension.swift in Sources */,
				B01C978D2C021FC4003C2368 /* ShopingListTableViewCell.swift in Sources */,
				B0396AE82C06E9E7007DDABB /* CityDetailViewController.swift in Sources */,
				B0B85E522C02F8ED00889951 /* RestaurantTableViewCell.swift in Sources */,
				B01C977D2C021E6D003C2368 /* ViewController.swift in Sources */,
				B01C97792C021E6D003C2368 /* AppDelegate.swift in Sources */,
				B01C977B2C021E6D003C2368 /* SceneDelegate.swift in Sources */,
				B0EDFEBA2C04756000EBBB79 /* CityTableViewCell.swift in Sources */,
			);
			runOnlyForDeploymentPostprocessing = 0;
		};
/* End PBXSourcesBuildPhase section */

/* Begin PBXVariantGroup section */
		B01C977E2C021E6D003C2368 /* Main.storyboard */ = {
			isa = PBXVariantGroup;
			children = (
				B01C977F2C021E6D003C2368 /* Base */,
			);
			name = Main.storyboard;
			sourceTree = "<group>";
		};
		B01C97832C021E6E003C2368 /* LaunchScreen.storyboard */ = {
			isa = PBXVariantGroup;
			children = (
				B01C97842C021E6E003C2368 /* Base */,
			);
			name = LaunchScreen.storyboard;
			sourceTree = "<group>";
		};
/* End PBXVariantGroup section */

/* Begin XCBuildConfiguration section */
		B01C97872C021E6E003C2368 /* Debug */ = {
			isa = XCBuildConfiguration;
			buildSettings = {
				ALWAYS_SEARCH_USER_PATHS = NO;
				ASSETCATALOG_COMPILER_GENERATE_SWIFT_ASSET_SYMBOL_EXTENSIONS = YES;
				CLANG_ANALYZER_NONNULL = YES;
				CLANG_ANALYZER_NUMBER_OBJECT_CONVERSION = YES_AGGRESSIVE;
				CLANG_CXX_LANGUAGE_STANDARD = "gnu++20";
				CLANG_ENABLE_MODULES = YES;
				CLANG_ENABLE_OBJC_ARC = YES;
				CLANG_ENABLE_OBJC_WEAK = YES;
				CLANG_WARN_BLOCK_CAPTURE_AUTORELEASING = YES;
				CLANG_WARN_BOOL_CONVERSION = YES;
				CLANG_WARN_COMMA = YES;
				CLANG_WARN_CONSTANT_CONVERSION = YES;
				CLANG_WARN_DEPRECATED_OBJC_IMPLEMENTATIONS = YES;
				CLANG_WARN_DIRECT_OBJC_ISA_USAGE = YES_ERROR;
				CLANG_WARN_DOCUMENTATION_COMMENTS = YES;
				CLANG_WARN_EMPTY_BODY = YES;
				CLANG_WARN_ENUM_CONVERSION = YES;
				CLANG_WARN_INFINITE_RECURSION = YES;
				CLANG_WARN_INT_CONVERSION = YES;
				CLANG_WARN_NON_LITERAL_NULL_CONVERSION = YES;
				CLANG_WARN_OBJC_IMPLICIT_RETAIN_SELF = YES;
				CLANG_WARN_OBJC_LITERAL_CONVERSION = YES;
				CLANG_WARN_OBJC_ROOT_CLASS = YES_ERROR;
				CLANG_WARN_QUOTED_INCLUDE_IN_FRAMEWORK_HEADER = YES;
				CLANG_WARN_RANGE_LOOP_ANALYSIS = YES;
				CLANG_WARN_STRICT_PROTOTYPES = YES;
				CLANG_WARN_SUSPICIOUS_MOVE = YES;
				CLANG_WARN_UNGUARDED_AVAILABILITY = YES_AGGRESSIVE;
				CLANG_WARN_UNREACHABLE_CODE = YES;
				CLANG_WARN__DUPLICATE_METHOD_MATCH = YES;
				COPY_PHASE_STRIP = NO;
				DEBUG_INFORMATION_FORMAT = dwarf;
				ENABLE_STRICT_OBJC_MSGSEND = YES;
				ENABLE_TESTABILITY = YES;
				ENABLE_USER_SCRIPT_SANDBOXING = YES;
				GCC_C_LANGUAGE_STANDARD = gnu17;
				GCC_DYNAMIC_NO_PIC = NO;
				GCC_NO_COMMON_BLOCKS = YES;
				GCC_OPTIMIZATION_LEVEL = 0;
				GCC_PREPROCESSOR_DEFINITIONS = (
					"DEBUG=1",
					"$(inherited)",
				);
				GCC_WARN_64_TO_32_BIT_CONVERSION = YES;
				GCC_WARN_ABOUT_RETURN_TYPE = YES_ERROR;
				GCC_WARN_UNDECLARED_SELECTOR = YES;
				GCC_WARN_UNINITIALIZED_AUTOS = YES_AGGRESSIVE;
				GCC_WARN_UNUSED_FUNCTION = YES;
				GCC_WARN_UNUSED_VARIABLE = YES;
				IPHONEOS_DEPLOYMENT_TARGET = 17.5;
				LOCALIZATION_PREFERS_STRING_CATALOGS = YES;
				MTL_ENABLE_DEBUG_INFO = INCLUDE_SOURCE;
				MTL_FAST_MATH = YES;
				ONLY_ACTIVE_ARCH = YES;
				SDKROOT = iphoneos;
				SWIFT_ACTIVE_COMPILATION_CONDITIONS = "DEBUG $(inherited)";
				SWIFT_OPTIMIZATION_LEVEL = "-Onone";
			};
			name = Debug;
		};
		B01C97882C021E6E003C2368 /* Release */ = {
			isa = XCBuildConfiguration;
			buildSettings = {
				ALWAYS_SEARCH_USER_PATHS = NO;
				ASSETCATALOG_COMPILER_GENERATE_SWIFT_ASSET_SYMBOL_EXTENSIONS = YES;
				CLANG_ANALYZER_NONNULL = YES;
				CLANG_ANALYZER_NUMBER_OBJECT_CONVERSION = YES_AGGRESSIVE;
				CLANG_CXX_LANGUAGE_STANDARD = "gnu++20";
				CLANG_ENABLE_MODULES = YES;
				CLANG_ENABLE_OBJC_ARC = YES;
				CLANG_ENABLE_OBJC_WEAK = YES;
				CLANG_WARN_BLOCK_CAPTURE_AUTORELEASING = YES;
				CLANG_WARN_BOOL_CONVERSION = YES;
				CLANG_WARN_COMMA = YES;
				CLANG_WARN_CONSTANT_CONVERSION = YES;
				CLANG_WARN_DEPRECATED_OBJC_IMPLEMENTATIONS = YES;
				CLANG_WARN_DIRECT_OBJC_ISA_USAGE = YES_ERROR;
				CLANG_WARN_DOCUMENTATION_COMMENTS = YES;
				CLANG_WARN_EMPTY_BODY = YES;
				CLANG_WARN_ENUM_CONVERSION = YES;
				CLANG_WARN_INFINITE_RECURSION = YES;
				CLANG_WARN_INT_CONVERSION = YES;
				CLANG_WARN_NON_LITERAL_NULL_CONVERSION = YES;
				CLANG_WARN_OBJC_IMPLICIT_RETAIN_SELF = YES;
				CLANG_WARN_OBJC_LITERAL_CONVERSION = YES;
				CLANG_WARN_OBJC_ROOT_CLASS = YES_ERROR;
				CLANG_WARN_QUOTED_INCLUDE_IN_FRAMEWORK_HEADER = YES;
				CLANG_WARN_RANGE_LOOP_ANALYSIS = YES;
				CLANG_WARN_STRICT_PROTOTYPES = YES;
				CLANG_WARN_SUSPICIOUS_MOVE = YES;
				CLANG_WARN_UNGUARDED_AVAILABILITY = YES_AGGRESSIVE;
				CLANG_WARN_UNREACHABLE_CODE = YES;
				CLANG_WARN__DUPLICATE_METHOD_MATCH = YES;
				COPY_PHASE_STRIP = NO;
				DEBUG_INFORMATION_FORMAT = "dwarf-with-dsym";
				ENABLE_NS_ASSERTIONS = NO;
				ENABLE_STRICT_OBJC_MSGSEND = YES;
				ENABLE_USER_SCRIPT_SANDBOXING = YES;
				GCC_C_LANGUAGE_STANDARD = gnu17;
				GCC_NO_COMMON_BLOCKS = YES;
				GCC_WARN_64_TO_32_BIT_CONVERSION = YES;
				GCC_WARN_ABOUT_RETURN_TYPE = YES_ERROR;
				GCC_WARN_UNDECLARED_SELECTOR = YES;
				GCC_WARN_UNINITIALIZED_AUTOS = YES_AGGRESSIVE;
				GCC_WARN_UNUSED_FUNCTION = YES;
				GCC_WARN_UNUSED_VARIABLE = YES;
				IPHONEOS_DEPLOYMENT_TARGET = 17.5;
				LOCALIZATION_PREFERS_STRING_CATALOGS = YES;
				MTL_ENABLE_DEBUG_INFO = NO;
				MTL_FAST_MATH = YES;
				SDKROOT = iphoneos;
				SWIFT_COMPILATION_MODE = wholemodule;
				VALIDATE_PRODUCT = YES;
			};
			name = Release;
		};
		B01C978A2C021E6E003C2368 /* Debug */ = {
			isa = XCBuildConfiguration;
			buildSettings = {
				ASSETCATALOG_COMPILER_APPICON_NAME = AppIcon;
				ASSETCATALOG_COMPILER_GLOBAL_ACCENT_COLOR_NAME = AccentColor;
				CODE_SIGN_STYLE = Automatic;
				CURRENT_PROJECT_VERSION = 1;
				GENERATE_INFOPLIST_FILE = YES;
				INFOPLIST_FILE = 0524/Info.plist;
				INFOPLIST_KEY_UIApplicationSupportsIndirectInputEvents = YES;
				INFOPLIST_KEY_UILaunchStoryboardName = LaunchScreen;
				INFOPLIST_KEY_UIMainStoryboardFile = Main;
				INFOPLIST_KEY_UISupportedInterfaceOrientations_iPad = "UIInterfaceOrientationPortrait UIInterfaceOrientationPortraitUpsideDown UIInterfaceOrientationLandscapeLeft UIInterfaceOrientationLandscapeRight";
				INFOPLIST_KEY_UISupportedInterfaceOrientations_iPhone = "UIInterfaceOrientationPortrait UIInterfaceOrientationLandscapeLeft UIInterfaceOrientationLandscapeRight";
				LD_RUNPATH_SEARCH_PATHS = (
					"$(inherited)",
					"@executable_path/Frameworks",
				);
				MARKETING_VERSION = 1.0;
				PRODUCT_BUNDLE_IDENTIFIER = "com.miley.-524";
				PRODUCT_NAME = "$(TARGET_NAME)";
				SUPPORTED_PLATFORMS = "iphoneos iphonesimulator";
				SUPPORTS_MACCATALYST = NO;
				SUPPORTS_MAC_DESIGNED_FOR_IPHONE_IPAD = NO;
				SUPPORTS_XR_DESIGNED_FOR_IPHONE_IPAD = NO;
				SWIFT_EMIT_LOC_STRINGS = YES;
				SWIFT_VERSION = 5.0;
				TARGETED_DEVICE_FAMILY = 1;
			};
			name = Debug;
		};
		B01C978B2C021E6E003C2368 /* Release */ = {
			isa = XCBuildConfiguration;
			buildSettings = {
				ASSETCATALOG_COMPILER_APPICON_NAME = AppIcon;
				ASSETCATALOG_COMPILER_GLOBAL_ACCENT_COLOR_NAME = AccentColor;
				CODE_SIGN_STYLE = Automatic;
				CURRENT_PROJECT_VERSION = 1;
				GENERATE_INFOPLIST_FILE = YES;
				INFOPLIST_FILE = 0524/Info.plist;
				INFOPLIST_KEY_UIApplicationSupportsIndirectInputEvents = YES;
				INFOPLIST_KEY_UILaunchStoryboardName = LaunchScreen;
				INFOPLIST_KEY_UIMainStoryboardFile = Main;
				INFOPLIST_KEY_UISupportedInterfaceOrientations_iPad = "UIInterfaceOrientationPortrait UIInterfaceOrientationPortraitUpsideDown UIInterfaceOrientationLandscapeLeft UIInterfaceOrientationLandscapeRight";
				INFOPLIST_KEY_UISupportedInterfaceOrientations_iPhone = "UIInterfaceOrientationPortrait UIInterfaceOrientationLandscapeLeft UIInterfaceOrientationLandscapeRight";
				LD_RUNPATH_SEARCH_PATHS = (
					"$(inherited)",
					"@executable_path/Frameworks",
				);
				MARKETING_VERSION = 1.0;
				PRODUCT_BUNDLE_IDENTIFIER = "com.miley.-524";
				PRODUCT_NAME = "$(TARGET_NAME)";
				SUPPORTED_PLATFORMS = "iphoneos iphonesimulator";
				SUPPORTS_MACCATALYST = NO;
				SUPPORTS_MAC_DESIGNED_FOR_IPHONE_IPAD = NO;
				SUPPORTS_XR_DESIGNED_FOR_IPHONE_IPAD = NO;
				SWIFT_EMIT_LOC_STRINGS = YES;
				SWIFT_VERSION = 5.0;
				TARGETED_DEVICE_FAMILY = 1;
			};
			name = Release;
		};
/* End XCBuildConfiguration section */

/* Begin XCConfigurationList section */
		B01C97702C021E6D003C2368 /* Build configuration list for PBXProject "0524" */ = {
			isa = XCConfigurationList;
			buildConfigurations = (
				B01C97872C021E6E003C2368 /* Debug */,
				B01C97882C021E6E003C2368 /* Release */,
			);
			defaultConfigurationIsVisible = 0;
			defaultConfigurationName = Release;
		};
		B01C97892C021E6E003C2368 /* Build configuration list for PBXNativeTarget "0524" */ = {
			isa = XCConfigurationList;
			buildConfigurations = (
				B01C978A2C021E6E003C2368 /* Debug */,
				B01C978B2C021E6E003C2368 /* Release */,
			);
			defaultConfigurationIsVisible = 0;
			defaultConfigurationName = Release;
		};
/* End XCConfigurationList section */

/* Begin XCRemoteSwiftPackageReference section */
		B08B04CC2C024BE800467831 /* XCRemoteSwiftPackageReference "Kingfisher" */ = {
			isa = XCRemoteSwiftPackageReference;
			repositoryURL = "https://github.com/onevcat/Kingfisher.git";
			requirement = {
				kind = upToNextMajorVersion;
				minimumVersion = 7.11.0;
			};
		};
/* End XCRemoteSwiftPackageReference section */

/* Begin XCSwiftPackageProductDependency section */
		B08B04CD2C024BE800467831 /* Kingfisher */ = {
			isa = XCSwiftPackageProductDependency;
			package = B08B04CC2C024BE800467831 /* XCRemoteSwiftPackageReference "Kingfisher" */;
			productName = Kingfisher;
		};
/* End XCSwiftPackageProductDependency section */
	};
	rootObject = B01C976D2C021E6D003C2368 /* Project object */;
}
